
Microsoft Visual Studio Solution File, Format Version 12.00
# Visual Studio Version 17
VisualStudioVersion = 17.2.32616.157
MinimumVisualStudioVersion = 10.0.40219.1
Project("{9A19103F-16F7-4668-BE54-9A1E7A4F7556}") = "IdentityServer", "src\IdentityServer\IdentityServer.csproj", "{1EEA4850-F5D5-4366-A995-8A8BFFB29BF6}"
EndProject
Global
	GlobalSection(SolutionConfigurationPlatforms) = preSolution
		Debug|Any CPU = Debug|Any CPU
		Release|Any CPU = Release|Any CPU
	EndGlobalSection
	GlobalSection(ProjectConfigurationPlatforms) = postSolution
		{1EEA4850-F5D5-4366-A995-8A8BFFB29BF6}.Debug|Any CPU.ActiveCfg = Debug|Any CPU
		{1EEA4850-F5D5-4366-A995-8A8BFFB29BF6}.Debug|Any CPU.Build.0 = Debug|Any CPU
		{1EEA4850-F5D5-4366-A995-8A8BFFB29BF6}.Release|Any CPU.ActiveCfg = Release|Any CPU
		{1EEA4850-F5D5-4366-A995-8A8BFFB29BF6}.Release|Any CPU.Build.0 = Release|Any CPU
	EndGlobalSection
	GlobalSection(SolutionProperties) = preSolution
		HideSolutionNode = FALSE
	EndGlobalSection
	GlobalSection(ExtensibilityGlobals) = postSolution
		SolutionGuid = {53C895E3-136F-4AC6-97A6-86DE12FF0498}
	EndGlobalSection
EndGlobal
